<Solution>
  <Folder Name="/src/">
    <Project Path="src/GodrejWMS.Application/GodrejWMS.Application.csproj" />
    <Project Path="src/GodrejWMS.Domain/GodrejWMS.Domain.csproj" />
    <Project Path="src/GodrejWMS.Infrastructure/GodrejWMS.Infrastructure.csproj" />
    <Project Path="src/GodrejWMS.Web/GodrejWMS.Web.csproj" />
  </Folder>
  <Folder Name="/tests/">
    <Project Path="tests/GodrejWMS.Application.Tests/GodrejWMS.Application.Tests.csproj" />
    <Project Path="tests/GodrejWMS.Domain.Tests/GodrejWMS.Domain.Tests.csproj" />
    <Project Path="tests/GodrejWMS.Infrastructure.Tests/GodrejWMS.Infrastructure.Tests.csproj" />
  </Folder>
</Solution>
